
Microsoft Visual Studio Solution File, Format Version 12.00
# Visual Studio Version 17
VisualStudioVersion = 17.5.33530.505
MinimumVisualStudioVersion = 10.0.40219.1
Project("{FAE04EC0-301F-11D3-BF4B-00C04F79EFBC}") = "LINQExample", "LINQExample\LINQExample.csproj", "{81A024FE-BCBB-4558-AA66-07DDCC3B15AA}"
EndProject
Global
	GlobalSection(SolutionConfigurationPlatforms) = preSolution
		Debug|Any CPU = Debug|Any CPU
		Release|Any CPU = Release|Any CPU
	EndGlobalSection
	GlobalSection(ProjectConfigurationPlatforms) = postSolution
		{81A024FE-BCBB-4558-AA66-07DDCC3B15AA}.Debug|Any CPU.ActiveCfg = Debug|Any CPU
		{81A024FE-BCBB-4558-AA66-07DDCC3B15AA}.Debug|Any CPU.Build.0 = Debug|Any CPU
		{81A024FE-BCBB-4558-AA66-07DDCC3B15AA}.Release|Any CPU.ActiveCfg = Release|Any CPU
		{81A024FE-BCBB-4558-AA66-07DDCC3B15AA}.Release|Any CPU.Build.0 = Release|Any CPU
	EndGlobalSection
	GlobalSection(SolutionProperties) = preSolution
		HideSolutionNode = FALSE
	EndGlobalSection
	GlobalSection(ExtensibilityGlobals) = postSolution
		SolutionGuid = {3CE109A1-5770-4188-8FC1-43203F9DFE9F}
	EndGlobalSection
EndGlobal
